{
  "name": "carcommunity",
  "version": "0.1.0",
  "lockfileVersion": 3,
  "requires": true,
  "packages": {
    "": {
      "name": "carcommunity",
      "version": "0.1.0",
      "workspaces": [
        "apps/mobile",
        "apps/admin",
        "services/api"
      ],
      "engines": {
        "node": ">=24"
      }
    }
  }
}
