// !$*UTF8*$!
{
	archiveVersion = 1;
	classes = {
	};
	objectVersion = 77;
	objects = {

/* Begin PBXBuildFile section */
		062AE7034B90A9707143E724 /* ShellHubs.swift in Sources */ = {isa = PBXBuildFile; fileRef = 86B8BFD68C018AC836A606A7 /* ShellHubs.swift */; };
		07DE6309539882FE7B2EBC13 /* EventDetailCoordinator.swift in Sources */ = {isa = PBXBuildFile; fileRef = 1FDCD5467CC28087B5AAECB1 /* EventDetailCoordinator.swift */; };
		08ED336A66B293E73A27E257 /* Tokens.swift in Sources */ = {isa = PBXBuildFile; fileRef = DD356449B915D60437161C4F /* Tokens.swift */; };
		093198E4D1B35E3F65B94567 /* GarageModelTests.swift in Sources */ = {isa = PBXBuildFile; fileRef = 4284EB2858F9EA0C02DCFA53 /* GarageModelTests.swift */; };
		0BA7CA6995034B58D16086B6 /* GarageModels.swift in Sources */ = {isa = PBXBuildFile; fileRef = D5E5982CDF3C8B920C96E217 /* GarageModels.swift */; };
		0BBA06618E16454B0877E106 /* ChatScreen.swift in Sources */ = {isa = PBXBuildFile; fileRef = 765D3804D2135FCCADBA942F /* ChatScreen.swift */; };
		0C467685036A28194159E76A /* LocationProvider.swift in Sources */ = {isa = PBXBuildFile; fileRef = D2CF6C21145444B6D343AE94 /* LocationProvider.swift */; };
		0F9E439AEA59CF2A6B48B362 /* FirebaseFriendsRepository.swift in Sources */ = {isa = PBXBuildFile; fileRef = E98CE0FDE43E94273813C318 /* FirebaseFriendsRepository.swift */; };
		13D59B678BA7758DD88C0863 /* MapSurface.swift in Sources */ = {isa = PBXBuildFile; fileRef = DF81B13C98719E049F390996 /* MapSurface.swift */; };
		1C2DA365BA8BE6F3314C2A25 /* EventsCoordinatorTests.swift in Sources */ = {isa = PBXBuildFile; fileRef = AF4AECA45E7B6366153A08BB /* EventsCoordinatorTests.swift */; };
		1D1075E6BDB3E1B45E90F89F /* ChatCoordinator.swift in Sources */ = {isa = PBXBuildFile; fileRef = 774E7D6FC1CC0748E23ACF61 /* ChatCoordinator.swift */; };
		1E50D3893A5C34E20441F632 /* ShellMapHostTests.swift in Sources */ = {isa = PBXBuildFile; fileRef = 99BCF885BCAC95E5A84E495A /* ShellMapHostTests.swift */; };
		201903E2A7F0ECD5B05CBB55 /* ConversationsRepository.swift in Sources */ = {isa = PBXBuildFile; fileRef = E15892EE69827A386C169C05 /* ConversationsRepository.swift */; };
		292854460109584A07D618C1 /* AuthSession.swift in Sources */ = {isa = PBXBuildFile; fileRef = 343B6E8AA56D06395AD48108 /* AuthSession.swift */; };
		299A925690D1B4FF0759B17D /* FirebaseConversationsRepository.swift in Sources */ = {isa = PBXBuildFile; fileRef = 7E8F58FC4AC949B4CF76BF2D /* FirebaseConversationsRepository.swift */; };
		29AEAC84B2A5D0D49A2F40C5 /* FriendsCoordinatorTests.swift in Sources */ = {isa = PBXBuildFile; fileRef = 08AEF6E96BF2AB0EDF375B5F /* FriendsCoordinatorTests.swift */; };
		2A9A0CC92D72BFD43FC5AA31 /* SignInCoordinatorTests.swift in Sources */ = {isa = PBXBuildFile; fileRef = 57135BB547425D479FB343C2 /* SignInCoordinatorTests.swift */; };
		2D7FCA2CE821940AE06067BE /* DmModelsTests.swift in Sources */ = {isa = PBXBuildFile; fileRef = F5BBD1E508F841E0873D4137 /* DmModelsTests.swift */; };
		2DC0460E003F97750680CC4D /* LocationPermissionCoordinatorTests.swift in Sources */ = {isa = PBXBuildFile; fileRef = D564C07DEB7807D86E0DBE40 /* LocationPermissionCoordinatorTests.swift */; };
		2E2CE7745CDC1502CD28A236 /* EventDetailCoordinatorTests.swift in Sources */ = {isa = PBXBuildFile; fileRef = 44A7962A316651E6D91C1FA7 /* EventDetailCoordinatorTests.swift */; };
		2EC5800FD4E02C0186D0E3E2 /* FirebaseFunctions in Frameworks */ = {isa = PBXBuildFile; productRef = FD0E994263AEF5E23FE59538 /* FirebaseFunctions */; };
		31281EB1C5D3F342D688ED25 /* DrivesRepository.swift in Sources */ = {isa = PBXBuildFile; fileRef = AA90BF06DC8379144DAF9301 /* DrivesRepository.swift */; };
		38341C0532CB5C9152336422 /* EventsCoordinator.swift in Sources */ = {isa = PBXBuildFile; fileRef = 2D2BF1BAD556A8C3D22925AB /* EventsCoordinator.swift */; };
		39D345B7A1C416A1B6469E28 /* EventsScreen.swift in Sources */ = {isa = PBXBuildFile; fileRef = 92EC568281BD1016FABE9919 /* EventsScreen.swift */; };
		3CB0CA2E730F5886F6D77260 /* LocationModelsTests.swift in Sources */ = {isa = PBXBuildFile; fileRef = 6DA8EE9123DC7661B941CC80 /* LocationModelsTests.swift */; };
		4205D21D03B3C87AC978B782 /* EventsRepository.swift in Sources */ = {isa = PBXBuildFile; fileRef = F17DE72EC857215D18C55F5F /* EventsRepository.swift */; };
		426194ED964C645421C20298 /* ConversationsScreen.swift in Sources */ = {isa = PBXBuildFile; fileRef = A99E785B8FC0348C59CBAFCD /* ConversationsScreen.swift */; };
		48182221EE13B82E02D8C4EA /* KccFunctionsErrorTests.swift in Sources */ = {isa = PBXBuildFile; fileRef = D4DEFB37DAA0C85D0F08626E /* KccFunctionsErrorTests.swift */; };
		4F82F6BABE4A9D41DC3E3DED /* VehicleCatalogueData.swift in Sources */ = {isa = PBXBuildFile; fileRef = 9BD79AAE2207B0BB1BCA984F /* VehicleCatalogueData.swift */; };
		54F2359A2474231CD9D08DB4 /* RootView.swift in Sources */ = {isa = PBXBuildFile; fileRef = B1669E70D4D1058BBFE53B2E /* RootView.swift */; };
		5767653F95DEA636DB8FF15D /* MapHomeView.swift in Sources */ = {isa = PBXBuildFile; fileRef = 838365AF9A026F751D6E80C2 /* MapHomeView.swift */; };
		5BE03CCD4750CF212C0B4BAD /* ProfileScreen.swift in Sources */ = {isa = PBXBuildFile; fileRef = BC9DE0933201A46D20EE2ED8 /* ProfileScreen.swift */; };
		62938187623A99172E77D9D8 /* VehicleCatalogueTests.swift in Sources */ = {isa = PBXBuildFile; fileRef = 9AA2251CD692FAE6F150A56A /* VehicleCatalogueTests.swift */; };
		697C89CA4640597CB1B11586 /* ShellNav.swift in Sources */ = {isa = PBXBuildFile; fileRef = F30DAC5CEBAD558BADEB5F13 /* ShellNav.swift */; };
		6B8718A69B1E94DB1CD75A4A /* DrivesPanel.swift in Sources */ = {isa = PBXBuildFile; fileRef = 646362817945B8F03EEAE0F7 /* DrivesPanel.swift */; };
		6BED4DFF912081F5E46876D6 /* VehicleCatalogue.swift in Sources */ = {isa = PBXBuildFile; fileRef = 25EF8EAE76E679C6D0546150 /* VehicleCatalogue.swift */; };
		6C25F552799AC5E993EA18E2 /* AuthRepository.swift in Sources */ = {isa = PBXBuildFile; fileRef = 8B1E7BBD0B5E2B7BA4D84048 /* AuthRepository.swift */; };
		6D653074C83AD139C001A226 /* ShellView.swift in Sources */ = {isa = PBXBuildFile; fileRef = 00786BDC5D7D80DF3558096D /* ShellView.swift */; };
		710301199E72A8F7A0890592 /* LocationPermissionCoordinator.swift in Sources */ = {isa = PBXBuildFile; fileRef = 5067A6E44861FDA5AB19A8EC /* LocationPermissionCoordinator.swift */; };
		71B6AC1FF6557F0CBC56648B /* DrivesModels.swift in Sources */ = {isa = PBXBuildFile; fileRef = B4E3D778C093BF4D30082E48 /* DrivesModels.swift */; };
		71CDB8557B99F7B612E30134 /* ShellNavTests.swift in Sources */ = {isa = PBXBuildFile; fileRef = FF7A1C3128BDBD3E00E2A30D /* ShellNavTests.swift */; };
		796D4208F306EAFA0B940C3E /* FirebaseAuth in Frameworks */ = {isa = PBXBuildFile; productRef = C10372A5B1FF04CFD7520C67 /* FirebaseAuth */; };
		7994A2A8FBAD98AB73D621A2 /* KCCApp.swift in Sources */ = {isa = PBXBuildFile; fileRef = 1A240814194538E5F33BD391 /* KCCApp.swift */; };
		79A2CCF8750E7B7375D1D1CB /* DrivesCoordinator.swift in Sources */ = {isa = PBXBuildFile; fileRef = 96FC67A9B203113B6524E2CD /* DrivesCoordinator.swift */; };
		7A15F2F2E88A001D66B16D0D /* ChatCoordinatorTests.swift in Sources */ = {isa = PBXBuildFile; fileRef = 645A830B73A53DEC56989D5F /* ChatCoordinatorTests.swift */; };
		7C075531229A4BD7BD562D47 /* FirebaseFriendPointsRepository.swift in Sources */ = {isa = PBXBuildFile; fileRef = D80EC6284F36AEC5945A60EE /* FirebaseFriendPointsRepository.swift */; };
		7C14EF2819D1D418929F4C63 /* AppleSignInProvider.swift in Sources */ = {isa = PBXBuildFile; fileRef = CFB5267678CF1ACF6AB93E03 /* AppleSignInProvider.swift */; };
		84EC8BDE80EB7F4CD8A5387E /* GarageCoordinatorTests.swift in Sources */ = {isa = PBXBuildFile; fileRef = 15EB05BCF9B02B63F8E0A744 /* GarageCoordinatorTests.swift */; };
		860E4B5F3723504A01168D9E /* LocationModels.swift in Sources */ = {isa = PBXBuildFile; fileRef = A63D281B16F9581698DE721B /* LocationModels.swift */; };
		861F71B6C0EEEE426160133D /* ProfileCoordinatorTests.swift in Sources */ = {isa = PBXBuildFile; fileRef = E4C13E96CF6F7A3D81269B6D /* ProfileCoordinatorTests.swift */; };
		878A768EA4269808A5DE4AD2 /* SignInScreen.swift in Sources */ = {isa = PBXBuildFile; fileRef = 5D524D57EA2B43023BC49CE4 /* SignInScreen.swift */; };
		8B3D0292A205E690A9358586 /* CoreLocationProvider.swift in Sources */ = {isa = PBXBuildFile; fileRef = 6E4C03FA8C06EBF9AD50A5D8 /* CoreLocationProvider.swift */; };
		8B75BDB3A7C902502757F3E3 /* FriendsCoordinator.swift in Sources */ = {isa = PBXBuildFile; fileRef = 56D26AF9194CCB2CAD756735 /* FriendsCoordinator.swift */; };
		8D0B56DF9BD0EB28E457338C /* FirebaseFirestore in Frameworks */ = {isa = PBXBuildFile; productRef = B688C912C571A1CC3752D0B8 /* FirebaseFirestore */; };
		94B224E99B1DDE286A4FDF06 /* KccFunctionsError.swift in Sources */ = {isa = PBXBuildFile; fileRef = 51CD341A4027796948864A5C /* KccFunctionsError.swift */; };
		94B41B1A5E246C64CAC9C0A2 /* UserProfileModels.swift in Sources */ = {isa = PBXBuildFile; fileRef = 572CCA23CC0DA96FF2C71ACA /* UserProfileModels.swift */; };
		9E312B2955EFE04118BB8B73 /* GaragePanel.swift in Sources */ = {isa = PBXBuildFile; fileRef = B23E5CCF42B81FE9DD123D5D /* GaragePanel.swift */; };
		A5219FCCDAEE57D0C931719D /* GarageCoordinator.swift in Sources */ = {isa = PBXBuildFile; fileRef = D5B9C0DCCDA464441F249D46 /* GarageCoordinator.swift */; };
		A8DF9C1186FD8E20EE6F290E /* VehiclesRepository.swift in Sources */ = {isa = PBXBuildFile; fileRef = 7B7C0CD35CB1F73D575829AE /* VehiclesRepository.swift */; };
		AA22DC3DAB81A8F3F18803E4 /* FriendsModels.swift in Sources */ = {isa = PBXBuildFile; fileRef = 7F7188138F4EE7E96F48A73E /* FriendsModels.swift */; };
		B0559DC40D219348A5611670 /* FirebaseEventsRepository.swift in Sources */ = {isa = PBXBuildFile; fileRef = D713D56081039952EA2D3DF0 /* FirebaseEventsRepository.swift */; };
		B64A5453986FA2AFB5C0A305 /* DrivesCoordinatorTests.swift in Sources */ = {isa = PBXBuildFile; fileRef = BF18AC13F907A6E509CBFF8A /* DrivesCoordinatorTests.swift */; };
		B65D3D7C670D81D62344F694 /* EventDetailScreen.swift in Sources */ = {isa = PBXBuildFile; fileRef = 8E9C5C7C20739CCEDF496488 /* EventDetailScreen.swift */; };
		B65E5027BA2EFEBBC7DD3220 /* ProfileCoordinator.swift in Sources */ = {isa = PBXBuildFile; fileRef = 6C4A684F2E228EDA44F3221F /* ProfileCoordinator.swift */; };
		BB16A9EF8E20DBD778875272 /* ConversationsCoordinatorTests.swift in Sources */ = {isa = PBXBuildFile; fileRef = 0FB9651252AE732EC9A88402 /* ConversationsCoordinatorTests.swift */; };
		BBE3B067A08523482793CF5F /* FirebaseDrivesRepository.swift in Sources */ = {isa = PBXBuildFile; fileRef = 2816BDC59C3366B867A0A5FD /* FirebaseDrivesRepository.swift */; };
		BF3D130F03E3B77E710907E7 /* FirebaseStorage in Frameworks */ = {isa = PBXBuildFile; productRef = 35ECF01C5EE3E57259D5C48F /* FirebaseStorage */; };
		C9EB9AFEE9024C2136112616 /* FirebaseBootstrap.swift in Sources */ = {isa = PBXBuildFile; fileRef = C3137C1DDC1B111033698002 /* FirebaseBootstrap.swift */; };
		CABC469A613C07601353436C /* FriendsScreen.swift in Sources */ = {isa = PBXBuildFile; fileRef = E7CCF327ACF69B27099363BD /* FriendsScreen.swift */; };
		D1E66A16F2B15F088788BAFF /* StubLocationProviderTests.swift in Sources */ = {isa = PBXBuildFile; fileRef = C310CC90173A772AE9997E6D /* StubLocationProviderTests.swift */; };
		D316EE007B410D96AA4F0DC3 /* FirebaseUserProfileRepository.swift in Sources */ = {isa = PBXBuildFile; fileRef = DC183FCE8F1C3FAFC61A5784 /* FirebaseUserProfileRepository.swift */; };
		D7B09A124B1BED21F2359EC6 /* UserProfileRepository.swift in Sources */ = {isa = PBXBuildFile; fileRef = 70940A5568FF91A6A171D3CF /* UserProfileRepository.swift */; };
		D82FBCB9FF439B2E1275434C /* InfoPlist.xcstrings in Resources */ = {isa = PBXBuildFile; fileRef = 24ACA4339607DCEEA56FA0CC /* InfoPlist.xcstrings */; };
		DA04F6E3D0F1737A1F3C045D /* EventsModels.swift in Sources */ = {isa = PBXBuildFile; fileRef = CF465D5E8668C38571889BC0 /* EventsModels.swift */; };
		DAE444AF31930E1E93E2E9CB /* DrivesModelTests.swift in Sources */ = {isa = PBXBuildFile; fileRef = 7659E12C9C9C1F2E57CF8117 /* DrivesModelTests.swift */; };
		E0EFA24043EC79042A5890CE /* EventsModelTests.swift in Sources */ = {isa = PBXBuildFile; fileRef = 693946E5862A24E475BE6ED3 /* EventsModelTests.swift */; };
		E4D61FAACAFFB1746CE8FB47 /* AuthState.swift in Sources */ = {isa = PBXBuildFile; fileRef = C80A81EA9949BF434E7C246D /* AuthState.swift */; };
		E515A09C71A239BEA3846F35 /* FriendsRepository.swift in Sources */ = {isa = PBXBuildFile; fileRef = 83D164C4115AE0F4E61F35D9 /* FriendsRepository.swift */; };
		E7D0FD9A2D31A4568504745E /* TranslucentPanelView.swift in Sources */ = {isa = PBXBuildFile; fileRef = D310DD7A144B4F601CF0B1B7 /* TranslucentPanelView.swift */; };
		E86EEC71824816B74E6381FB /* FirebaseVehiclesRepository.swift in Sources */ = {isa = PBXBuildFile; fileRef = F8A45B9A270F9A89DDB0DB26 /* FirebaseVehiclesRepository.swift */; };
		E89DC7EC35F16BB97D6E2B60 /* Localizable.xcstrings in Resources */ = {isa = PBXBuildFile; fileRef = AB4411241111CAD26506FD14 /* Localizable.xcstrings */; };
		EBAED2446DD015CA190171AC /* UserProfileModelsTests.swift in Sources */ = {isa = PBXBuildFile; fileRef = 3251B8E9A0D98C310036E4E0 /* UserProfileModelsTests.swift */; };
		EEE4B45033521B214E892FBF /* FirebaseAuthRepository.swift in Sources */ = {isa = PBXBuildFile; fileRef = 165AC07D59EE53D2EDC1688F /* FirebaseAuthRepository.swift */; };
		F0D7B365DD492778C8168813 /* SignInCoordinator.swift in Sources */ = {isa = PBXBuildFile; fileRef = 93D6E6AE3AC9E44FCB519C47 /* SignInCoordinator.swift */; };
		F7EED2B134B04AFBD7C8C6DD /* ConversationsCoordinator.swift in Sources */ = {isa = PBXBuildFile; fileRef = 55731E1A0C7B72A1CC54DC01 /* ConversationsCoordinator.swift */; };
		F8310B78656CB3614461BAEF /* DmModels.swift in Sources */ = {isa = PBXBuildFile; fileRef = 0DD4B19D4E806B96B6A62AD4 /* DmModels.swift */; };
		F8A62804AA5A01BE636510FB /* ShellMapHost.swift in Sources */ = {isa = PBXBuildFile; fileRef = 694D26C4A5F68ACDAEEACD46 /* ShellMapHost.swift */; };
		F9A3DAFA5B59B49C00839395 /* KccFunctionsClient.swift in Sources */ = {isa = PBXBuildFile; fileRef = AC12A1C8EAC2098EF88A0598 /* KccFunctionsClient.swift */; };
		FACE9EE74F3056EA7A628813 /* FriendsModelsTests.swift in Sources */ = {isa = PBXBuildFile; fileRef = 37C658B56DC49747902E120A /* FriendsModelsTests.swift */; };
		FE582215755EF34BD19A7EE7 /* MapSurfaceTests.swift in Sources */ = {isa = PBXBuildFile; fileRef = 4C0408D9A1BEFD4479399D14 /* MapSurfaceTests.swift */; };
/* End PBXBuildFile section */

/* Begin PBXContainerItemProxy section */
		CD4559BC6AC668055317D31E /* PBXContainerItemProxy */ = {
			isa = PBXContainerItemProxy;
			containerPortal = 0E18604EA3025EC582371214 /* Project object */;
			proxyType = 1;
			remoteGlobalIDString = 27ADF49B5B571DC880D2DEC9;
			remoteInfo = KCC;
		};
/* End PBXContainerItemProxy section */

/* Begin PBXFileReference section */
		00786BDC5D7D80DF3558096D /* ShellView.swift */ = {isa = PBXFileReference; lastKnownFileType = sourcecode.swift; path = ShellView.swift; sourceTree = "<group>"; };
		08AEF6E96BF2AB0EDF375B5F /* FriendsCoordinatorTests.swift */ = {isa = PBXFileReference; lastKnownFileType = sourcecode.swift; path = FriendsCoordinatorTests.swift; sourceTree = "<group>"; };
		0DD4B19D4E806B96B6A62AD4 /* DmModels.swift */ = {isa = PBXFileReference; lastKnownFileType = sourcecode.swift; path = DmModels.swift; sourceTree = "<group>"; };
		0FB9651252AE732EC9A88402 /* ConversationsCoordinatorTests.swift */ = {isa = PBXFileReference; lastKnownFileType = sourcecode.swift; path = ConversationsCoordinatorTests.swift; sourceTree = "<group>"; };
		15EB05BCF9B02B63F8E0A744 /* GarageCoordinatorTests.swift */ = {isa = PBXFileReference; lastKnownFileType = sourcecode.swift; path = GarageCoordinatorTests.swift; sourceTree = "<group>"; };
		165AC07D59EE53D2EDC1688F /* FirebaseAuthRepository.swift */ = {isa = PBXFileReference; lastKnownFileType = sourcecode.swift; path = FirebaseAuthRepository.swift; sourceTree = "<group>"; };
		1A240814194538E5F33BD391 /* KCCApp.swift */ = {isa = PBXFileReference; lastKnownFileType = sourcecode.swift; path = KCCApp.swift; sourceTree = "<group>"; };
		1FDCD5467CC28087B5AAECB1 /* EventDetailCoordinator.swift */ = {isa = PBXFileReference; lastKnownFileType = sourcecode.swift; path = EventDetailCoordinator.swift; sourceTree = "<group>"; };
		24ACA4339607DCEEA56FA0CC /* InfoPlist.xcstrings */ = {isa = PBXFileReference; lastKnownFileType = text.json.xcstrings; path = InfoPlist.xcstrings; sourceTree = "<group>"; };
		25EF8EAE76E679C6D0546150 /* VehicleCatalogue.swift */ = {isa = PBXFileReference; lastKnownFileType = sourcecode.swift; path = VehicleCatalogue.swift; sourceTree = "<group>"; };
		2816BDC59C3366B867A0A5FD /* FirebaseDrivesRepository.swift */ = {isa = PBXFileReference; lastKnownFileType = sourcecode.swift; path = FirebaseDrivesRepository.swift; sourceTree = "<group>"; };
		2D2BF1BAD556A8C3D22925AB /* EventsCoordinator.swift */ = {isa = PBXFileReference; lastKnownFileType = sourcecode.swift; path = EventsCoordinator.swift; sourceTree = "<group>"; };
		3251B8E9A0D98C310036E4E0 /* UserProfileModelsTests.swift */ = {isa = PBXFileReference; lastKnownFileType = sourcecode.swift; path = UserProfileModelsTests.swift; sourceTree = "<group>"; };
		343B6E8AA56D06395AD48108 /* AuthSession.swift */ = {isa = PBXFileReference; lastKnownFileType = sourcecode.swift; path = AuthSession.swift; sourceTree = "<group>"; };
		37C658B56DC49747902E120A /* FriendsModelsTests.swift */ = {isa = PBXFileReference; lastKnownFileType = sourcecode.swift; path = FriendsModelsTests.swift; sourceTree = "<group>"; };
		4284EB2858F9EA0C02DCFA53 /* GarageModelTests.swift */ = {isa = PBXFileReference; lastKnownFileType = sourcecode.swift; path = GarageModelTests.swift; sourceTree = "<group>"; };
		44A7962A316651E6D91C1FA7 /* EventDetailCoordinatorTests.swift */ = {isa = PBXFileReference; lastKnownFileType = sourcecode.swift; path = EventDetailCoordinatorTests.swift; sourceTree = "<group>"; };
		4C0408D9A1BEFD4479399D14 /* MapSurfaceTests.swift */ = {isa = PBXFileReference; lastKnownFileType = sourcecode.swift; path = MapSurfaceTests.swift; sourceTree = "<group>"; };
		5067A6E44861FDA5AB19A8EC /* LocationPermissionCoordinator.swift */ = {isa = PBXFileReference; lastKnownFileType = sourcecode.swift; path = LocationPermissionCoordinator.swift; sourceTree = "<group>"; };
		51CD341A4027796948864A5C /* KccFunctionsError.swift */ = {isa = PBXFileReference; lastKnownFileType = sourcecode.swift; path = KccFunctionsError.swift; sourceTree = "<group>"; };
		55731E1A0C7B72A1CC54DC01 /* ConversationsCoordinator.swift */ = {isa = PBXFileReference; lastKnownFileType = sourcecode.swift; path = ConversationsCoordinator.swift; sourceTree = "<group>"; };
		56D26AF9194CCB2CAD756735 /* FriendsCoordinator.swift */ = {isa = PBXFileReference; lastKnownFileType = sourcecode.swift; path = FriendsCoordinator.swift; sourceTree = "<group>"; };
		57135BB547425D479FB343C2 /* SignInCoordinatorTests.swift */ = {isa = PBXFileReference; lastKnownFileType = sourcecode.swift; path = SignInCoordinatorTests.swift; sourceTree = "<group>"; };
		572CCA23CC0DA96FF2C71ACA /* UserProfileModels.swift */ = {isa = PBXFileReference; lastKnownFileType = sourcecode.swift; path = UserProfileModels.swift; sourceTree = "<group>"; };
		5A1F61264065E19240C32A0D /* KCCTests.xctest */ = {isa = PBXFileReference; includeInIndex = 0; lastKnownFileType = wrapper.cfbundle; path = KCCTests.xctest; sourceTree = BUILT_PRODUCTS_DIR; };
		5D524D57EA2B43023BC49CE4 /* SignInScreen.swift */ = {isa = PBXFileReference; lastKnownFileType = sourcecode.swift; path = SignInScreen.swift; sourceTree = "<group>"; };
		645A830B73A53DEC56989D5F /* ChatCoordinatorTests.swift */ = {isa = PBXFileReference; lastKnownFileType = sourcecode.swift; path = ChatCoordinatorTests.swift; sourceTree = "<group>"; };
		646362817945B8F03EEAE0F7 /* DrivesPanel.swift */ = {isa = PBXFileReference; lastKnownFileType = sourcecode.swift; path = DrivesPanel.swift; sourceTree = "<group>"; };
		690A7983868C88E10091C89A /* Info.plist */ = {isa = PBXFileReference; lastKnownFileType = text.plist; path = Info.plist; sourceTree = "<group>"; };
		693946E5862A24E475BE6ED3 /* EventsModelTests.swift */ = {isa = PBXFileReference; lastKnownFileType = sourcecode.swift; path = EventsModelTests.swift; sourceTree = "<group>"; };
		694D26C4A5F68ACDAEEACD46 /* ShellMapHost.swift */ = {isa = PBXFileReference; lastKnownFileType = sourcecode.swift; path = ShellMapHost.swift; sourceTree = "<group>"; };
		6C4A684F2E228EDA44F3221F /* ProfileCoordinator.swift */ = {isa = PBXFileReference; lastKnownFileType = sourcecode.swift; path = ProfileCoordinator.swift; sourceTree = "<group>"; };
		6DA8EE9123DC7661B941CC80 /* LocationModelsTests.swift */ = {isa = PBXFileReference; lastKnownFileType = sourcecode.swift; path = LocationModelsTests.swift; sourceTree = "<group>"; };
		6E4C03FA8C06EBF9AD50A5D8 /* CoreLocationProvider.swift */ = {isa = PBXFileReference; lastKnownFileType = sourcecode.swift; path = CoreLocationProvider.swift; sourceTree = "<group>"; };
		70940A5568FF91A6A171D3CF /* UserProfileRepository.swift */ = {isa = PBXFileReference; lastKnownFileType = sourcecode.swift; path = UserProfileRepository.swift; sourceTree = "<group>"; };
		7659E12C9C9C1F2E57CF8117 /* DrivesModelTests.swift */ = {isa = PBXFileReference; lastKnownFileType = sourcecode.swift; path = DrivesModelTests.swift; sourceTree = "<group>"; };
		765D3804D2135FCCADBA942F /* ChatScreen.swift */ = {isa = PBXFileReference; lastKnownFileType = sourcecode.swift; path = ChatScreen.swift; sourceTree = "<group>"; };
		774E7D6FC1CC0748E23ACF61 /* ChatCoordinator.swift */ = {isa = PBXFileReference; lastKnownFileType = sourcecode.swift; path = ChatCoordinator.swift; sourceTree = "<group>"; };
		7B7C0CD35CB1F73D575829AE /* VehiclesRepository.swift */ = {isa = PBXFileReference; lastKnownFileType = sourcecode.swift; path = VehiclesRepository.swift; sourceTree = "<group>"; };
		7E8F58FC4AC949B4CF76BF2D /* FirebaseConversationsRepository.swift */ = {isa = PBXFileReference; lastKnownFileType = sourcecode.swift; path = FirebaseConversationsRepository.swift; sourceTree = "<group>"; };
		7F7188138F4EE7E96F48A73E /* FriendsModels.swift */ = {isa = PBXFileReference; lastKnownFileType = sourcecode.swift; path = FriendsModels.swift; sourceTree = "<group>"; };
		838365AF9A026F751D6E80C2 /* MapHomeView.swift */ = {isa = PBXFileReference; lastKnownFileType = sourcecode.swift; path = MapHomeView.swift; sourceTree = "<group>"; };
		83D164C4115AE0F4E61F35D9 /* FriendsRepository.swift */ = {isa = PBXFileReference; lastKnownFileType = sourcecode.swift; path = FriendsRepository.swift; sourceTree = "<group>"; };
		86B8BFD68C018AC836A606A7 /* ShellHubs.swift */ = {isa = PBXFileReference; lastKnownFileType = sourcecode.swift; path = ShellHubs.swift; sourceTree = "<group>"; };
		8B1E7BBD0B5E2B7BA4D84048 /* AuthRepository.swift */ = {isa = PBXFileReference; lastKnownFileType = sourcecode.swift; path = AuthRepository.swift; sourceTree = "<group>"; };
		8B4A1900424F0BA9CB9105FA /* KCC.app */ = {isa = PBXFileReference; includeInIndex = 0; lastKnownFileType = wrapper.application; path = KCC.app; sourceTree = BUILT_PRODUCTS_DIR; };
		8E9C5C7C20739CCEDF496488 /* EventDetailScreen.swift */ = {isa = PBXFileReference; lastKnownFileType = sourcecode.swift; path = EventDetailScreen.swift; sourceTree = "<group>"; };
		92EC568281BD1016FABE9919 /* EventsScreen.swift */ = {isa = PBXFileReference; lastKnownFileType = sourcecode.swift; path = EventsScreen.swift; sourceTree = "<group>"; };
		93D6E6AE3AC9E44FCB519C47 /* SignInCoordinator.swift */ = {isa = PBXFileReference; lastKnownFileType = sourcecode.swift; path = SignInCoordinator.swift; sourceTree = "<group>"; };
		96FC67A9B203113B6524E2CD /* DrivesCoordinator.swift */ = {isa = PBXFileReference; lastKnownFileType = sourcecode.swift; path = DrivesCoordinator.swift; sourceTree = "<group>"; };
		99BCF885BCAC95E5A84E495A /* ShellMapHostTests.swift */ = {isa = PBXFileReference; lastKnownFileType = sourcecode.swift; path = ShellMapHostTests.swift; sourceTree = "<group>"; };
		9AA2251CD692FAE6F150A56A /* VehicleCatalogueTests.swift */ = {isa = PBXFileReference; lastKnownFileType = sourcecode.swift; path = VehicleCatalogueTests.swift; sourceTree = "<group>"; };
		9BD79AAE2207B0BB1BCA984F /* VehicleCatalogueData.swift */ = {isa = PBXFileReference; lastKnownFileType = sourcecode.swift; path = VehicleCatalogueData.swift; sourceTree = "<group>"; };
		A63D281B16F9581698DE721B /* LocationModels.swift */ = {isa = PBXFileReference; lastKnownFileType = sourcecode.swift; path = LocationModels.swift; sourceTree = "<group>"; };
		A99E785B8FC0348C59CBAFCD /* ConversationsScreen.swift */ = {isa = PBXFileReference; lastKnownFileType = sourcecode.swift; path = ConversationsScreen.swift; sourceTree = "<group>"; };
		AA90BF06DC8379144DAF9301 /* DrivesRepository.swift */ = {isa = PBXFileReference; lastKnownFileType = sourcecode.swift; path = DrivesRepository.swift; sourceTree = "<group>"; };
		AB4411241111CAD26506FD14 /* Localizable.xcstrings */ = {isa = PBXFileReference; lastKnownFileType = text.json.xcstrings; path = Localizable.xcstrings; sourceTree = "<group>"; };
		AC12A1C8EAC2098EF88A0598 /* KccFunctionsClient.swift */ = {isa = PBXFileReference; lastKnownFileType = sourcecode.swift; path = KccFunctionsClient.swift; sourceTree = "<group>"; };
		AF4AECA45E7B6366153A08BB /* EventsCoordinatorTests.swift */ = {isa = PBXFileReference; lastKnownFileType = sourcecode.swift; path = EventsCoordinatorTests.swift; sourceTree = "<group>"; };
		B1669E70D4D1058BBFE53B2E /* RootView.swift */ = {isa = PBXFileReference; lastKnownFileType = sourcecode.swift; path = RootView.swift; sourceTree = "<group>"; };
		B23E5CCF42B81FE9DD123D5D /* GaragePanel.swift */ = {isa = PBXFileReference; lastKnownFileType = sourcecode.swift; path = GaragePanel.swift; sourceTree = "<group>"; };
		B4E3D778C093BF4D30082E48 /* DrivesModels.swift */ = {isa = PBXFileReference; lastKnownFileType = sourcecode.swift; path = DrivesModels.swift; sourceTree = "<group>"; };
		BC9DE0933201A46D20EE2ED8 /* ProfileScreen.swift */ = {isa = PBXFileReference; lastKnownFileType = sourcecode.swift; path = ProfileScreen.swift; sourceTree = "<group>"; };
		BF18AC13F907A6E509CBFF8A /* DrivesCoordinatorTests.swift */ = {isa = PBXFileReference; lastKnownFileType = sourcecode.swift; path = DrivesCoordinatorTests.swift; sourceTree = "<group>"; };
		C310CC90173A772AE9997E6D /* StubLocationProviderTests.swift */ = {isa = PBXFileReference; lastKnownFileType = sourcecode.swift; path = StubLocationProviderTests.swift; sourceTree = "<group>"; };
		C3137C1DDC1B111033698002 /* FirebaseBootstrap.swift */ = {isa = PBXFileReference; lastKnownFileType = sourcecode.swift; path = FirebaseBootstrap.swift; sourceTree = "<group>"; };
		C80A81EA9949BF434E7C246D /* AuthState.swift */ = {isa = PBXFileReference; lastKnownFileType = sourcecode.swift; path = AuthState.swift; sourceTree = "<group>"; };
		CF465D5E8668C38571889BC0 /* EventsModels.swift */ = {isa = PBXFileReference; lastKnownFileType = sourcecode.swift; path = EventsModels.swift; sourceTree = "<group>"; };
		CFB5267678CF1ACF6AB93E03 /* AppleSignInProvider.swift */ = {isa = PBXFileReference; lastKnownFileType = sourcecode.swift; path = AppleSignInProvider.swift; sourceTree = "<group>"; };
		D2CF6C21145444B6D343AE94 /* LocationProvider.swift */ = {isa = PBXFileReference; lastKnownFileType = sourcecode.swift; path = LocationProvider.swift; sourceTree = "<group>"; };
		D310DD7A144B4F601CF0B1B7 /* TranslucentPanelView.swift */ = {isa = PBXFileReference; lastKnownFileType = sourcecode.swift; path = TranslucentPanelView.swift; sourceTree = "<group>"; };
		D4DEFB37DAA0C85D0F08626E /* KccFunctionsErrorTests.swift */ = {isa = PBXFileReference; lastKnownFileType = sourcecode.swift; path = KccFunctionsErrorTests.swift; sourceTree = "<group>"; };
		D564C07DEB7807D86E0DBE40 /* LocationPermissionCoordinatorTests.swift */ = {isa = PBXFileReference; lastKnownFileType = sourcecode.swift; path = LocationPermissionCoordinatorTests.swift; sourceTree = "<group>"; };
		D5B9C0DCCDA464441F249D46 /* GarageCoordinator.swift */ = {isa = PBXFileReference; lastKnownFileType = sourcecode.swift; path = GarageCoordinator.swift; sourceTree = "<group>"; };
		D5E5982CDF3C8B920C96E217 /* GarageModels.swift */ = {isa = PBXFileReference; lastKnownFileType = sourcecode.swift; path = GarageModels.swift; sourceTree = "<group>"; };
		D713D56081039952EA2D3DF0 /* FirebaseEventsRepository.swift */ = {isa = PBXFileReference; lastKnownFileType = sourcecode.swift; path = FirebaseEventsRepository.swift; sourceTree = "<group>"; };
		D80EC6284F36AEC5945A60EE /* FirebaseFriendPointsRepository.swift */ = {isa = PBXFileReference; lastKnownFileType = sourcecode.swift; path = FirebaseFriendPointsRepository.swift; sourceTree = "<group>"; };
		DC183FCE8F1C3FAFC61A5784 /* FirebaseUserProfileRepository.swift */ = {isa = PBXFileReference; lastKnownFileType = sourcecode.swift; path = FirebaseUserProfileRepository.swift; sourceTree = "<group>"; };
		DD356449B915D60437161C4F /* Tokens.swift */ = {isa = PBXFileReference; lastKnownFileType = sourcecode.swift; path = Tokens.swift; sourceTree = "<group>"; };
		DF81B13C98719E049F390996 /* MapSurface.swift */ = {isa = PBXFileReference; lastKnownFileType = sourcecode.swift; path = MapSurface.swift; sourceTree = "<group>"; };
		E15892EE69827A386C169C05 /* ConversationsRepository.swift */ = {isa = PBXFileReference; lastKnownFileType = sourcecode.swift; path = ConversationsRepository.swift; sourceTree = "<group>"; };
		E4C13E96CF6F7A3D81269B6D /* ProfileCoordinatorTests.swift */ = {isa = PBXFileReference; lastKnownFileType = sourcecode.swift; path = ProfileCoordinatorTests.swift; sourceTree = "<group>"; };
		E7CCF327ACF69B27099363BD /* FriendsScreen.swift */ = {isa = PBXFileReference; lastKnownFileType = sourcecode.swift; path = FriendsScreen.swift; sourceTree = "<group>"; };
		E98CE0FDE43E94273813C318 /* FirebaseFriendsRepository.swift */ = {isa = PBXFileReference; lastKnownFileType = sourcecode.swift; path = FirebaseFriendsRepository.swift; sourceTree = "<group>"; };
		F17DE72EC857215D18C55F5F /* EventsRepository.swift */ = {isa = PBXFileReference; lastKnownFileType = sourcecode.swift; path = EventsRepository.swift; sourceTree = "<group>"; };
		F30DAC5CEBAD558BADEB5F13 /* ShellNav.swift */ = {isa = PBXFileReference; lastKnownFileType = sourcecode.swift; path = ShellNav.swift; sourceTree = "<group>"; };
		F5BBD1E508F841E0873D4137 /* DmModelsTests.swift */ = {isa = PBXFileReference; lastKnownFileType = sourcecode.swift; path = DmModelsTests.swift; sourceTree = "<group>"; };
		F8A45B9A270F9A89DDB0DB26 /* FirebaseVehiclesRepository.swift */ = {isa = PBXFileReference; lastKnownFileType = sourcecode.swift; path = FirebaseVehiclesRepository.swift; sourceTree = "<group>"; };
		FF7A1C3128BDBD3E00E2A30D /* ShellNavTests.swift */ = {isa = PBXFileReference; lastKnownFileType = sourcecode.swift; path = ShellNavTests.swift; sourceTree = "<group>"; };
/* End PBXFileReference section */

/* Begin PBXFrameworksBuildPhase section */
		5A5E7B7F89CBF4E5E2C0055B /* Frameworks */ = {
			isa = PBXFrameworksBuildPhase;
			buildActionMask = 2147483647;
			files = (
				796D4208F306EAFA0B940C3E /* FirebaseAuth in Frameworks */,
				8D0B56DF9BD0EB28E457338C /* FirebaseFirestore in Frameworks */,
				2EC5800FD4E02C0186D0E3E2 /* FirebaseFunctions in Frameworks */,
				BF3D130F03E3B77E710907E7 /* FirebaseStorage in Frameworks */,
			);
			runOnlyForDeploymentPostprocessing = 0;
		};
/* End PBXFrameworksBuildPhase section */

/* Begin PBXGroup section */
		07E79EF0F21135E662C9816C /* App */ = {
			isa = PBXGroup;
			children = (
				1A240814194538E5F33BD391 /* KCCApp.swift */,
				B1669E70D4D1058BBFE53B2E /* RootView.swift */,
			);
			path = App;
			sourceTree = "<group>";
		};
		143F2CF86C655534726481A4 /* Location */ = {
			isa = PBXGroup;
			children = (
				6E4C03FA8C06EBF9AD50A5D8 /* CoreLocationProvider.swift */,
				A63D281B16F9581698DE721B /* LocationModels.swift */,
				5067A6E44861FDA5AB19A8EC /* LocationPermissionCoordinator.swift */,
				D2CF6C21145444B6D343AE94 /* LocationProvider.swift */,
			);
			path = Location;
			sourceTree = "<group>";
		};
		2F8FCAE0BF889E3229931984 /* Social */ = {
			isa = PBXGroup;
			children = (
				774E7D6FC1CC0748E23ACF61 /* ChatCoordinator.swift */,
				765D3804D2135FCCADBA942F /* ChatScreen.swift */,
				55731E1A0C7B72A1CC54DC01 /* ConversationsCoordinator.swift */,
				E15892EE69827A386C169C05 /* ConversationsRepository.swift */,
				A99E785B8FC0348C59CBAFCD /* ConversationsScreen.swift */,
				0DD4B19D4E806B96B6A62AD4 /* DmModels.swift */,
				7E8F58FC4AC949B4CF76BF2D /* FirebaseConversationsRepository.swift */,
				D80EC6284F36AEC5945A60EE /* FirebaseFriendPointsRepository.swift */,
				E98CE0FDE43E94273813C318 /* FirebaseFriendsRepository.swift */,
				56D26AF9194CCB2CAD756735 /* FriendsCoordinator.swift */,
				7F7188138F4EE7E96F48A73E /* FriendsModels.swift */,
				83D164C4115AE0F4E61F35D9 /* FriendsRepository.swift */,
				E7CCF327ACF69B27099363BD /* FriendsScreen.swift */,
			);
			path = Social;
			sourceTree = "<group>";
		};
		391EB88A0C2D696FA7072B86 /* Drives */ = {
			isa = PBXGroup;
			children = (
				96FC67A9B203113B6524E2CD /* DrivesCoordinator.swift */,
				B4E3D778C093BF4D30082E48 /* DrivesModels.swift */,
				646362817945B8F03EEAE0F7 /* DrivesPanel.swift */,
				AA90BF06DC8379144DAF9301 /* DrivesRepository.swift */,
				2816BDC59C3366B867A0A5FD /* FirebaseDrivesRepository.swift */,
			);
			path = Drives;
			sourceTree = "<group>";
		};
		3C9357116487CACE984AFAEC /* Resources */ = {
			isa = PBXGroup;
			children = (
				24ACA4339607DCEEA56FA0CC /* InfoPlist.xcstrings */,
				AB4411241111CAD26506FD14 /* Localizable.xcstrings */,
			);
			path = Resources;
			sourceTree = "<group>";
		};
		4354374B4D732A7906C4993A /* KCC */ = {
			isa = PBXGroup;
			children = (
				690A7983868C88E10091C89A /* Info.plist */,
				07E79EF0F21135E662C9816C /* App */,
				9469984432E4AD2C953FD6CF /* Auth */,
				6CA551C0241BD4456236BBBD /* Design */,
				391EB88A0C2D696FA7072B86 /* Drives */,
				5B6F5419639D89F3942A28C5 /* Events */,
				EF108D173C02293016E81C0D /* Firebase */,
				F15E3CB353B060012EC9E950 /* Garage */,
				143F2CF86C655534726481A4 /* Location */,
				A65CB7303F6D8424A87E5D3B /* Profile */,
				3C9357116487CACE984AFAEC /* Resources */,
				99C0A5D5154EEC666ADC0211 /* Shell */,
				2F8FCAE0BF889E3229931984 /* Social */,
			);
			path = KCC;
			sourceTree = "<group>";
		};
		4CDCB20F1F46BDF788444D9D /* Products */ = {
			isa = PBXGroup;
			children = (
				8B4A1900424F0BA9CB9105FA /* KCC.app */,
				5A1F61264065E19240C32A0D /* KCCTests.xctest */,
			);
			name = Products;
			sourceTree = "<group>";
		};
		515FD29F6590637030773365 = {
			isa = PBXGroup;
			children = (
				4354374B4D732A7906C4993A /* KCC */,
				F609A800CAF387D91FC4893D /* KCCTests */,
				4CDCB20F1F46BDF788444D9D /* Products */,
			);
			sourceTree = "<group>";
		};
		5B6F5419639D89F3942A28C5 /* Events */ = {
			isa = PBXGroup;
			children = (
				1FDCD5467CC28087B5AAECB1 /* EventDetailCoordinator.swift */,
				8E9C5C7C20739CCEDF496488 /* EventDetailScreen.swift */,
				2D2BF1BAD556A8C3D22925AB /* EventsCoordinator.swift */,
				CF465D5E8668C38571889BC0 /* EventsModels.swift */,
				F17DE72EC857215D18C55F5F /* EventsRepository.swift */,
				92EC568281BD1016FABE9919 /* EventsScreen.swift */,
				D713D56081039952EA2D3DF0 /* FirebaseEventsRepository.swift */,
			);
			path = Events;
			sourceTree = "<group>";
		};
		6CA551C0241BD4456236BBBD /* Design */ = {
			isa = PBXGroup;
			children = (
				DD356449B915D60437161C4F /* Tokens.swift */,
			);
			path = Design;
			sourceTree = "<group>";
		};
		9469984432E4AD2C953FD6CF /* Auth */ = {
			isa = PBXGroup;
			children = (
				CFB5267678CF1ACF6AB93E03 /* AppleSignInProvider.swift */,
				8B1E7BBD0B5E2B7BA4D84048 /* AuthRepository.swift */,
				343B6E8AA56D06395AD48108 /* AuthSession.swift */,
				C80A81EA9949BF434E7C246D /* AuthState.swift */,
				165AC07D59EE53D2EDC1688F /* FirebaseAuthRepository.swift */,
				93D6E6AE3AC9E44FCB519C47 /* SignInCoordinator.swift */,
				5D524D57EA2B43023BC49CE4 /* SignInScreen.swift */,
			);
			path = Auth;
			sourceTree = "<group>";
		};
		99C0A5D5154EEC666ADC0211 /* Shell */ = {
			isa = PBXGroup;
			children = (
				838365AF9A026F751D6E80C2 /* MapHomeView.swift */,
				DF81B13C98719E049F390996 /* MapSurface.swift */,
				86B8BFD68C018AC836A606A7 /* ShellHubs.swift */,
				694D26C4A5F68ACDAEEACD46 /* ShellMapHost.swift */,
				F30DAC5CEBAD558BADEB5F13 /* ShellNav.swift */,
				00786BDC5D7D80DF3558096D /* ShellView.swift */,
				D310DD7A144B4F601CF0B1B7 /* TranslucentPanelView.swift */,
			);
			path = Shell;
			sourceTree = "<group>";
		};
		A65CB7303F6D8424A87E5D3B /* Profile */ = {
			isa = PBXGroup;
			children = (
				DC183FCE8F1C3FAFC61A5784 /* FirebaseUserProfileRepository.swift */,
				6C4A684F2E228EDA44F3221F /* ProfileCoordinator.swift */,
				BC9DE0933201A46D20EE2ED8 /* ProfileScreen.swift */,
				572CCA23CC0DA96FF2C71ACA /* UserProfileModels.swift */,
				70940A5568FF91A6A171D3CF /* UserProfileRepository.swift */,
			);
			path = Profile;
			sourceTree = "<group>";
		};
		EF108D173C02293016E81C0D /* Firebase */ = {
			isa = PBXGroup;
			children = (
				C3137C1DDC1B111033698002 /* FirebaseBootstrap.swift */,
				AC12A1C8EAC2098EF88A0598 /* KccFunctionsClient.swift */,
				51CD341A4027796948864A5C /* KccFunctionsError.swift */,
			);
			path = Firebase;
			sourceTree = "<group>";
		};
		F15E3CB353B060012EC9E950 /* Garage */ = {
			isa = PBXGroup;
			children = (
				F8A45B9A270F9A89DDB0DB26 /* FirebaseVehiclesRepository.swift */,
				D5B9C0DCCDA464441F249D46 /* GarageCoordinator.swift */,
				D5E5982CDF3C8B920C96E217 /* GarageModels.swift */,
				B23E5CCF42B81FE9DD123D5D /* GaragePanel.swift */,
				25EF8EAE76E679C6D0546150 /* VehicleCatalogue.swift */,
				9BD79AAE2207B0BB1BCA984F /* VehicleCatalogueData.swift */,
				7B7C0CD35CB1F73D575829AE /* VehiclesRepository.swift */,
			);
			path = Garage;
			sourceTree = "<group>";
		};
		F609A800CAF387D91FC4893D /* KCCTests */ = {
			isa = PBXGroup;
			children = (
				645A830B73A53DEC56989D5F /* ChatCoordinatorTests.swift */,
				0FB9651252AE732EC9A88402 /* ConversationsCoordinatorTests.swift */,
				F5BBD1E508F841E0873D4137 /* DmModelsTests.swift */,
				BF18AC13F907A6E509CBFF8A /* DrivesCoordinatorTests.swift */,
				7659E12C9C9C1F2E57CF8117 /* DrivesModelTests.swift */,
				44A7962A316651E6D91C1FA7 /* EventDetailCoordinatorTests.swift */,
				AF4AECA45E7B6366153A08BB /* EventsCoordinatorTests.swift */,
				693946E5862A24E475BE6ED3 /* EventsModelTests.swift */,
				08AEF6E96BF2AB0EDF375B5F /* FriendsCoordinatorTests.swift */,
				37C658B56DC49747902E120A /* FriendsModelsTests.swift */,
				15EB05BCF9B02B63F8E0A744 /* GarageCoordinatorTests.swift */,
				4284EB2858F9EA0C02DCFA53 /* GarageModelTests.swift */,
				D4DEFB37DAA0C85D0F08626E /* KccFunctionsErrorTests.swift */,
				6DA8EE9123DC7661B941CC80 /* LocationModelsTests.swift */,
				D564C07DEB7807D86E0DBE40 /* LocationPermissionCoordinatorTests.swift */,
				4C0408D9A1BEFD4479399D14 /* MapSurfaceTests.swift */,
				E4C13E96CF6F7A3D81269B6D /* ProfileCoordinatorTests.swift */,
				99BCF885BCAC95E5A84E495A /* ShellMapHostTests.swift */,
				FF7A1C3128BDBD3E00E2A30D /* ShellNavTests.swift */,
				57135BB547425D479FB343C2 /* SignInCoordinatorTests.swift */,
				C310CC90173A772AE9997E6D /* StubLocationProviderTests.swift */,
				3251B8E9A0D98C310036E4E0 /* UserProfileModelsTests.swift */,
				9AA2251CD692FAE6F150A56A /* VehicleCatalogueTests.swift */,
			);
			path = KCCTests;
			sourceTree = "<group>";
		};
/* End PBXGroup section */

/* Begin PBXNativeTarget section */
		27ADF49B5B571DC880D2DEC9 /* KCC */ = {
			isa = PBXNativeTarget;
			buildConfigurationList = 894321D2EFDC3E068EAFCAD7 /* Build configuration list for PBXNativeTarget "KCC" */;
			buildPhases = (
				ECBBEB83C34F82F81358F838 /* Sources */,
				2313BAF3598EA6E6171B11FB /* Resources */,
				5A5E7B7F89CBF4E5E2C0055B /* Frameworks */,
				88D0EAC6C5DDFD8046D10C60 /* Embed GoogleService-Info.plist when present */,
			);
			buildRules = (
			);
			dependencies = (
			);
			name = KCC;
			packageProductDependencies = (
				C10372A5B1FF04CFD7520C67 /* FirebaseAuth */,
				B688C912C571A1CC3752D0B8 /* FirebaseFirestore */,
				FD0E994263AEF5E23FE59538 /* FirebaseFunctions */,
				35ECF01C5EE3E57259D5C48F /* FirebaseStorage */,
			);
			productName = KCC;
			productReference = 8B4A1900424F0BA9CB9105FA /* KCC.app */;
			productType = "com.apple.product-type.application";
		};
		9C961040DE4A5766EA1602A7 /* KCCTests */ = {
			isa = PBXNativeTarget;
			buildConfigurationList = 69B0C4F08BB62A7ABA166EAF /* Build configuration list for PBXNativeTarget "KCCTests" */;
			buildPhases = (
				F4A1FD9246A22460A0BC78CE /* Sources */,
			);
			buildRules = (
			);
			dependencies = (
				83B8C031C1234F4FC26EA94A /* PBXTargetDependency */,
			);
			name = KCCTests;
			packageProductDependencies = (
			);
			productName = KCCTests;
			productReference = 5A1F61264065E19240C32A0D /* KCCTests.xctest */;
			productType = "com.apple.product-type.bundle.unit-test";
		};
/* End PBXNativeTarget section */

/* Begin PBXProject section */
		0E18604EA3025EC582371214 /* Project object */ = {
			isa = PBXProject;
			attributes = {
				BuildIndependentTargetsInParallel = YES;
				LastUpgradeCheck = 1430;
				TargetAttributes = {
				};
			};
			buildConfigurationList = 285AF6F4BB009C0573D6A2B5 /* Build configuration list for PBXProject "KCC" */;
			developmentRegion = sv;
			hasScannedForEncodings = 0;
			knownRegions = (
				Base,
				en,
				sv,
			);
			mainGroup = 515FD29F6590637030773365;
			minimizedProjectReferenceProxies = 1;
			packageReferences = (
				C2463E4F930BC5BDBC34F663 /* XCRemoteSwiftPackageReference "firebase-ios-sdk" */,
			);
			preferredProjectObjectVersion = 77;
			productRefGroup = 4CDCB20F1F46BDF788444D9D /* Products */;
			projectDirPath = "";
			projectRoot = "";
			targets = (
				27ADF49B5B571DC880D2DEC9 /* KCC */,
				9C961040DE4A5766EA1602A7 /* KCCTests */,
			);
		};
/* End PBXProject section */

/* Begin PBXResourcesBuildPhase section */
		2313BAF3598EA6E6171B11FB /* Resources */ = {
			isa = PBXResourcesBuildPhase;
			buildActionMask = 2147483647;
			files = (
				D82FBCB9FF439B2E1275434C /* InfoPlist.xcstrings in Resources */,
				E89DC7EC35F16BB97D6E2B60 /* Localizable.xcstrings in Resources */,
			);
			runOnlyForDeploymentPostprocessing = 0;
		};
/* End PBXResourcesBuildPhase section */

/* Begin PBXShellScriptBuildPhase section */
		88D0EAC6C5DDFD8046D10C60 /* Embed GoogleService-Info.plist when present */ = {
			isa = PBXShellScriptBuildPhase;
			alwaysOutOfDate = 1;
			buildActionMask = 2147483647;
			files = (
			);
			inputFileListPaths = (
			);
			inputPaths = (
				"$(SRCROOT)/KCC/GoogleService-Info.plist",
			);
			name = "Embed GoogleService-Info.plist when present";
			outputFileListPaths = (
			);
			outputPaths = (
				"$(BUILT_PRODUCTS_DIR)/$(UNLOCALIZED_RESOURCES_FOLDER_PATH)/GoogleService-Info.plist",
			);
			runOnlyForDeploymentPostprocessing = 0;
			shellPath = /bin/sh;
			shellScript = "SRC=\"${SRCROOT}/KCC/GoogleService-Info.plist\"\nDST=\"${BUILT_PRODUCTS_DIR}/${UNLOCALIZED_RESOURCES_FOLDER_PATH}/GoogleService-Info.plist\"\nif [ -f \"$SRC\" ]; then\n  cp \"$SRC\" \"$DST\"\n  echo \"GoogleService-Info.plist embedded\"\nelse\n  # Also remove any copy left in the product by an earlier build, so\n  # deleting the local plist really returns to a config-less build.\n  rm -f \"$DST\"\n  echo \"GoogleService-Info.plist absent — building without Firebase config\"\nfi\n";
		};
/* End PBXShellScriptBuildPhase section */

/* Begin PBXSourcesBuildPhase section */
		ECBBEB83C34F82F81358F838 /* Sources */ = {
			isa = PBXSourcesBuildPhase;
			buildActionMask = 2147483647;
			files = (
				7C14EF2819D1D418929F4C63 /* AppleSignInProvider.swift in Sources */,
				6C25F552799AC5E993EA18E2 /* AuthRepository.swift in Sources */,
				292854460109584A07D618C1 /* AuthSession.swift in Sources */,
				E4D61FAACAFFB1746CE8FB47 /* AuthState.swift in Sources */,
				1D1075E6BDB3E1B45E90F89F /* ChatCoordinator.swift in Sources */,
				0BBA06618E16454B0877E106 /* ChatScreen.swift in Sources */,
				F7EED2B134B04AFBD7C8C6DD /* ConversationsCoordinator.swift in Sources */,
				201903E2A7F0ECD5B05CBB55 /* ConversationsRepository.swift in Sources */,
				426194ED964C645421C20298 /* ConversationsScreen.swift in Sources */,
				8B3D0292A205E690A9358586 /* CoreLocationProvider.swift in Sources */,
				F8310B78656CB3614461BAEF /* DmModels.swift in Sources */,
				79A2CCF8750E7B7375D1D1CB /* DrivesCoordinator.swift in Sources */,
				71B6AC1FF6557F0CBC56648B /* DrivesModels.swift in Sources */,
				6B8718A69B1E94DB1CD75A4A /* DrivesPanel.swift in Sources */,
				31281EB1C5D3F342D688ED25 /* DrivesRepository.swift in Sources */,
				07DE6309539882FE7B2EBC13 /* EventDetailCoordinator.swift in Sources */,
				B65D3D7C670D81D62344F694 /* EventDetailScreen.swift in Sources */,
				38341C0532CB5C9152336422 /* EventsCoordinator.swift in Sources */,
				DA04F6E3D0F1737A1F3C045D /* EventsModels.swift in Sources */,
				4205D21D03B3C87AC978B782 /* EventsRepository.swift in Sources */,
				39D345B7A1C416A1B6469E28 /* EventsScreen.swift in Sources */,
				EEE4B45033521B214E892FBF /* FirebaseAuthRepository.swift in Sources */,
				C9EB9AFEE9024C2136112616 /* FirebaseBootstrap.swift in Sources */,
				299A925690D1B4FF0759B17D /* FirebaseConversationsRepository.swift in Sources */,
				BBE3B067A08523482793CF5F /* FirebaseDrivesRepository.swift in Sources */,
				B0559DC40D219348A5611670 /* FirebaseEventsRepository.swift in Sources */,
				7C075531229A4BD7BD562D47 /* FirebaseFriendPointsRepository.swift in Sources */,
				0F9E439AEA59CF2A6B48B362 /* FirebaseFriendsRepository.swift in Sources */,
				D316EE007B410D96AA4F0DC3 /* FirebaseUserProfileRepository.swift in Sources */,
				E86EEC71824816B74E6381FB /* FirebaseVehiclesRepository.swift in Sources */,
				8B75BDB3A7C902502757F3E3 /* FriendsCoordinator.swift in Sources */,
				AA22DC3DAB81A8F3F18803E4 /* FriendsModels.swift in Sources */,
				E515A09C71A239BEA3846F35 /* FriendsRepository.swift in Sources */,
				CABC469A613C07601353436C /* FriendsScreen.swift in Sources */,
				A5219FCCDAEE57D0C931719D /* GarageCoordinator.swift in Sources */,
				0BA7CA6995034B58D16086B6 /* GarageModels.swift in Sources */,
				9E312B2955EFE04118BB8B73 /* GaragePanel.swift in Sources */,
				7994A2A8FBAD98AB73D621A2 /* KCCApp.swift in Sources */,
				F9A3DAFA5B59B49C00839395 /* KccFunctionsClient.swift in Sources */,
				94B224E99B1DDE286A4FDF06 /* KccFunctionsError.swift in Sources */,
				860E4B5F3723504A01168D9E /* LocationModels.swift in Sources */,
				710301199E72A8F7A0890592 /* LocationPermissionCoordinator.swift in Sources */,
				0C467685036A28194159E76A /* LocationProvider.swift in Sources */,
				5767653F95DEA636DB8FF15D /* MapHomeView.swift in Sources */,
				13D59B678BA7758DD88C0863 /* MapSurface.swift in Sources */,
				B65E5027BA2EFEBBC7DD3220 /* ProfileCoordinator.swift in Sources */,
				5BE03CCD4750CF212C0B4BAD /* ProfileScreen.swift in Sources */,
				54F2359A2474231CD9D08DB4 /* RootView.swift in Sources */,
				062AE7034B90A9707143E724 /* ShellHubs.swift in Sources */,
				F8A62804AA5A01BE636510FB /* ShellMapHost.swift in Sources */,
				697C89CA4640597CB1B11586 /* ShellNav.swift in Sources */,
				6D653074C83AD139C001A226 /* ShellView.swift in Sources */,
				F0D7B365DD492778C8168813 /* SignInCoordinator.swift in Sources */,
				878A768EA4269808A5DE4AD2 /* SignInScreen.swift in Sources */,
				08ED336A66B293E73A27E257 /* Tokens.swift in Sources */,
				E7D0FD9A2D31A4568504745E /* TranslucentPanelView.swift in Sources */,
				94B41B1A5E246C64CAC9C0A2 /* UserProfileModels.swift in Sources */,
				D7B09A124B1BED21F2359EC6 /* UserProfileRepository.swift in Sources */,
				6BED4DFF912081F5E46876D6 /* VehicleCatalogue.swift in Sources */,
				4F82F6BABE4A9D41DC3E3DED /* VehicleCatalogueData.swift in Sources */,
				A8DF9C1186FD8E20EE6F290E /* VehiclesRepository.swift in Sources */,
			);
			runOnlyForDeploymentPostprocessing = 0;
		};
		F4A1FD9246A22460A0BC78CE /* Sources */ = {
			isa = PBXSourcesBuildPhase;
			buildActionMask = 2147483647;
			files = (
				7A15F2F2E88A001D66B16D0D /* ChatCoordinatorTests.swift in Sources */,
				BB16A9EF8E20DBD778875272 /* ConversationsCoordinatorTests.swift in Sources */,
				2D7FCA2CE821940AE06067BE /* DmModelsTests.swift in Sources */,
				B64A5453986FA2AFB5C0A305 /* DrivesCoordinatorTests.swift in Sources */,
				DAE444AF31930E1E93E2E9CB /* DrivesModelTests.swift in Sources */,
				2E2CE7745CDC1502CD28A236 /* EventDetailCoordinatorTests.swift in Sources */,
				1C2DA365BA8BE6F3314C2A25 /* EventsCoordinatorTests.swift in Sources */,
				E0EFA24043EC79042A5890CE /* EventsModelTests.swift in Sources */,
				29AEAC84B2A5D0D49A2F40C5 /* FriendsCoordinatorTests.swift in Sources */,
				FACE9EE74F3056EA7A628813 /* FriendsModelsTests.swift in Sources */,
				84EC8BDE80EB7F4CD8A5387E /* GarageCoordinatorTests.swift in Sources */,
				093198E4D1B35E3F65B94567 /* GarageModelTests.swift in Sources */,
				48182221EE13B82E02D8C4EA /* KccFunctionsErrorTests.swift in Sources */,
				3CB0CA2E730F5886F6D77260 /* LocationModelsTests.swift in Sources */,
				2DC0460E003F97750680CC4D /* LocationPermissionCoordinatorTests.swift in Sources */,
				FE582215755EF34BD19A7EE7 /* MapSurfaceTests.swift in Sources */,
				861F71B6C0EEEE426160133D /* ProfileCoordinatorTests.swift in Sources */,
				1E50D3893A5C34E20441F632 /* ShellMapHostTests.swift in Sources */,
				71CDB8557B99F7B612E30134 /* ShellNavTests.swift in Sources */,
				2A9A0CC92D72BFD43FC5AA31 /* SignInCoordinatorTests.swift in Sources */,
				D1E66A16F2B15F088788BAFF /* StubLocationProviderTests.swift in Sources */,
				EBAED2446DD015CA190171AC /* UserProfileModelsTests.swift in Sources */,
				62938187623A99172E77D9D8 /* VehicleCatalogueTests.swift in Sources */,
			);
			runOnlyForDeploymentPostprocessing = 0;
		};
/* End PBXSourcesBuildPhase section */

/* Begin PBXTargetDependency section */
		83B8C031C1234F4FC26EA94A /* PBXTargetDependency */ = {
			isa = PBXTargetDependency;
			target = 27ADF49B5B571DC880D2DEC9 /* KCC */;
			targetProxy = CD4559BC6AC668055317D31E /* PBXContainerItemProxy */;
		};
/* End PBXTargetDependency section */

/* Begin XCBuildConfiguration section */
		76FCE6315A9432A3977BC64D /* Release */ = {
			isa = XCBuildConfiguration;
			buildSettings = {
				BUNDLE_LOADER = "$(TEST_HOST)";
				GENERATE_INFOPLIST_FILE = YES;
				LD_RUNPATH_SEARCH_PATHS = (
					"$(inherited)",
					"@executable_path/Frameworks",
					"@loader_path/Frameworks",
				);
				SDKROOT = iphoneos;
				TARGETED_DEVICE_FAMILY = "1,2";
				TEST_HOST = "$(BUILT_PRODUCTS_DIR)/KCC.app/KCC";
			};
			name = Release;
		};
		7BB7D84F79A57E4F7CC6DDDC /* Debug */ = {
			isa = XCBuildConfiguration;
			buildSettings = {
				BUNDLE_LOADER = "$(TEST_HOST)";
				GENERATE_INFOPLIST_FILE = YES;
				LD_RUNPATH_SEARCH_PATHS = (
					"$(inherited)",
					"@executable_path/Frameworks",
					"@loader_path/Frameworks",
				);
				SDKROOT = iphoneos;
				TARGETED_DEVICE_FAMILY = "1,2";
				TEST_HOST = "$(BUILT_PRODUCTS_DIR)/KCC.app/KCC";
			};
			name = Debug;
		};
		807B5B65FCF75583011F62A2 /* Debug */ = {
			isa = XCBuildConfiguration;
			buildSettings = {
				ALWAYS_SEARCH_USER_PATHS = NO;
				CLANG_ANALYZER_NONNULL = YES;
				CLANG_ANALYZER_NUMBER_OBJECT_CONVERSION = YES_AGGRESSIVE;
				CLANG_CXX_LANGUAGE_STANDARD = "gnu++14";
				CLANG_CXX_LIBRARY = "libc++";
				CLANG_ENABLE_MODULES = YES;
				CLANG_ENABLE_OBJC_ARC = YES;
				CLANG_ENABLE_OBJC_WEAK = YES;
				CLANG_WARN_BLOCK_CAPTURE_AUTORELEASING = YES;
				CLANG_WARN_BOOL_CONVERSION = YES;
				CLANG_WARN_COMMA = YES;
				CLANG_WARN_CONSTANT_CONVERSION = YES;
				CLANG_WARN_DEPRECATED_OBJC_IMPLEMENTATIONS = YES;
				CLANG_WARN_DIRECT_OBJC_ISA_USAGE = YES_ERROR;
				CLANG_WARN_DOCUMENTATION_COMMENTS = YES;
				CLANG_WARN_EMPTY_BODY = YES;
				CLANG_WARN_ENUM_CONVERSION = YES;
				CLANG_WARN_INFINITE_RECURSION = YES;
				CLANG_WARN_INT_CONVERSION = YES;
				CLANG_WARN_NON_LITERAL_NULL_CONVERSION = YES;
				CLANG_WARN_OBJC_IMPLICIT_RETAIN_SELF = YES;
				CLANG_WARN_OBJC_LITERAL_CONVERSION = YES;
				CLANG_WARN_OBJC_ROOT_CLASS = YES_ERROR;
				CLANG_WARN_QUOTED_INCLUDE_IN_FRAMEWORK_HEADER = YES;
				CLANG_WARN_RANGE_LOOP_ANALYSIS = YES;
				CLANG_WARN_STRICT_PROTOTYPES = YES;
				CLANG_WARN_SUSPICIOUS_MOVE = YES;
				CLANG_WARN_UNGUARDED_AVAILABILITY = YES_AGGRESSIVE;
				CLANG_WARN_UNREACHABLE_CODE = YES;
				CLANG_WARN__DUPLICATE_METHOD_MATCH = YES;
				COPY_PHASE_STRIP = NO;
				DEBUG_INFORMATION_FORMAT = dwarf;
				ENABLE_STRICT_OBJC_MSGSEND = YES;
				ENABLE_TESTABILITY = YES;
				GCC_C_LANGUAGE_STANDARD = gnu11;
				GCC_DYNAMIC_NO_PIC = NO;
				GCC_NO_COMMON_BLOCKS = YES;
				GCC_OPTIMIZATION_LEVEL = 0;
				GCC_PREPROCESSOR_DEFINITIONS = (
					"$(inherited)",
					"DEBUG=1",
				);
				GCC_WARN_64_TO_32_BIT_CONVERSION = YES;
				GCC_WARN_ABOUT_RETURN_TYPE = YES_ERROR;
				GCC_WARN_UNDECLARED_SELECTOR = YES;
				GCC_WARN_UNINITIALIZED_AUTOS = YES_AGGRESSIVE;
				GCC_WARN_UNUSED_FUNCTION = YES;
				GCC_WARN_UNUSED_VARIABLE = YES;
				IPHONEOS_DEPLOYMENT_TARGET = 17.0;
				MTL_ENABLE_DEBUG_INFO = INCLUDE_SOURCE;
				MTL_FAST_MATH = YES;
				ONLY_ACTIVE_ARCH = YES;
				PRODUCT_NAME = "$(TARGET_NAME)";
				SDKROOT = iphoneos;
				SWIFT_ACTIVE_COMPILATION_CONDITIONS = DEBUG;
				SWIFT_OPTIMIZATION_LEVEL = "-Onone";
				SWIFT_VERSION = 6.0;
			};
			name = Debug;
		};
		A1F5D105FE331C928752309F /* Debug */ = {
			isa = XCBuildConfiguration;
			buildSettings = {
				ASSETCATALOG_COMPILER_APPICON_NAME = AppIcon;
				CODE_SIGN_IDENTITY = "iPhone Developer";
				CURRENT_PROJECT_VERSION = 1;
				ENABLE_USER_SCRIPT_SANDBOXING = YES;
				INFOPLIST_FILE = KCC/Info.plist;
				LD_RUNPATH_SEARCH_PATHS = (
					"$(inherited)",
					"@executable_path/Frameworks",
				);
				MARKETING_VERSION = 0.1.0;
				PRODUCT_BUNDLE_IDENTIFIER = com.kungsbackacarcommunity.app;
				SDKROOT = iphoneos;
				TARGETED_DEVICE_FAMILY = "1,2";
			};
			name = Debug;
		};
		DE6FC946F4B77D4082E244F3 /* Release */ = {
			isa = XCBuildConfiguration;
			buildSettings = {
				ASSETCATALOG_COMPILER_APPICON_NAME = AppIcon;
				CODE_SIGN_IDENTITY = "iPhone Developer";
				CURRENT_PROJECT_VERSION = 1;
				ENABLE_USER_SCRIPT_SANDBOXING = YES;
				INFOPLIST_FILE = KCC/Info.plist;
				LD_RUNPATH_SEARCH_PATHS = (
					"$(inherited)",
					"@executable_path/Frameworks",
				);
				MARKETING_VERSION = 0.1.0;
				PRODUCT_BUNDLE_IDENTIFIER = com.kungsbackacarcommunity.app;
				SDKROOT = iphoneos;
				TARGETED_DEVICE_FAMILY = "1,2";
			};
			name = Release;
		};
		E693B154D2EB047020772154 /* Release */ = {
			isa = XCBuildConfiguration;
			buildSettings = {
				ALWAYS_SEARCH_USER_PATHS = NO;
				CLANG_ANALYZER_NONNULL = YES;
				CLANG_ANALYZER_NUMBER_OBJECT_CONVERSION = YES_AGGRESSIVE;
				CLANG_CXX_LANGUAGE_STANDARD = "gnu++14";
				CLANG_CXX_LIBRARY = "libc++";
				CLANG_ENABLE_MODULES = YES;
				CLANG_ENABLE_OBJC_ARC = YES;
				CLANG_ENABLE_OBJC_WEAK = YES;
				CLANG_WARN_BLOCK_CAPTURE_AUTORELEASING = YES;
				CLANG_WARN_BOOL_CONVERSION = YES;
				CLANG_WARN_COMMA = YES;
				CLANG_WARN_CONSTANT_CONVERSION = YES;
				CLANG_WARN_DEPRECATED_OBJC_IMPLEMENTATIONS = YES;
				CLANG_WARN_DIRECT_OBJC_ISA_USAGE = YES_ERROR;
				CLANG_WARN_DOCUMENTATION_COMMENTS = YES;
				CLANG_WARN_EMPTY_BODY = YES;
				CLANG_WARN_ENUM_CONVERSION = YES;
				CLANG_WARN_INFINITE_RECURSION = YES;
				CLANG_WARN_INT_CONVERSION = YES;
				CLANG_WARN_NON_LITERAL_NULL_CONVERSION = YES;
				CLANG_WARN_OBJC_IMPLICIT_RETAIN_SELF = YES;
				CLANG_WARN_OBJC_LITERAL_CONVERSION = YES;
				CLANG_WARN_OBJC_ROOT_CLASS = YES_ERROR;
				CLANG_WARN_QUOTED_INCLUDE_IN_FRAMEWORK_HEADER = YES;
				CLANG_WARN_RANGE_LOOP_ANALYSIS = YES;
				CLANG_WARN_STRICT_PROTOTYPES = YES;
				CLANG_WARN_SUSPICIOUS_MOVE = YES;
				CLANG_WARN_UNGUARDED_AVAILABILITY = YES_AGGRESSIVE;
				CLANG_WARN_UNREACHABLE_CODE = YES;
				CLANG_WARN__DUPLICATE_METHOD_MATCH = YES;
				COPY_PHASE_STRIP = NO;
				DEBUG_INFORMATION_FORMAT = "dwarf-with-dsym";
				ENABLE_NS_ASSERTIONS = NO;
				ENABLE_STRICT_OBJC_MSGSEND = YES;
				GCC_C_LANGUAGE_STANDARD = gnu11;
				GCC_NO_COMMON_BLOCKS = YES;
				GCC_WARN_64_TO_32_BIT_CONVERSION = YES;
				GCC_WARN_ABOUT_RETURN_TYPE = YES_ERROR;
				GCC_WARN_UNDECLARED_SELECTOR = YES;
				GCC_WARN_UNINITIALIZED_AUTOS = YES_AGGRESSIVE;
				GCC_WARN_UNUSED_FUNCTION = YES;
				GCC_WARN_UNUSED_VARIABLE = YES;
				IPHONEOS_DEPLOYMENT_TARGET = 17.0;
				MTL_ENABLE_DEBUG_INFO = NO;
				MTL_FAST_MATH = YES;
				PRODUCT_NAME = "$(TARGET_NAME)";
				SDKROOT = iphoneos;
				SWIFT_COMPILATION_MODE = wholemodule;
				SWIFT_OPTIMIZATION_LEVEL = "-O";
				SWIFT_VERSION = 6.0;
			};
			name = Release;
		};
/* End XCBuildConfiguration section */

/* Begin XCConfigurationList section */
		285AF6F4BB009C0573D6A2B5 /* Build configuration list for PBXProject "KCC" */ = {
			isa = XCConfigurationList;
			buildConfigurations = (
				807B5B65FCF75583011F62A2 /* Debug */,
				E693B154D2EB047020772154 /* Release */,
			);
			defaultConfigurationIsVisible = 0;
			defaultConfigurationName = Debug;
		};
		69B0C4F08BB62A7ABA166EAF /* Build configuration list for PBXNativeTarget "KCCTests" */ = {
			isa = XCConfigurationList;
			buildConfigurations = (
				7BB7D84F79A57E4F7CC6DDDC /* Debug */,
				76FCE6315A9432A3977BC64D /* Release */,
			);
			defaultConfigurationIsVisible = 0;
			defaultConfigurationName = Debug;
		};
		894321D2EFDC3E068EAFCAD7 /* Build configuration list for PBXNativeTarget "KCC" */ = {
			isa = XCConfigurationList;
			buildConfigurations = (
				A1F5D105FE331C928752309F /* Debug */,
				DE6FC946F4B77D4082E244F3 /* Release */,
			);
			defaultConfigurationIsVisible = 0;
			defaultConfigurationName = Debug;
		};
/* End XCConfigurationList section */

/* Begin XCRemoteSwiftPackageReference section */
		C2463E4F930BC5BDBC34F663 /* XCRemoteSwiftPackageReference "firebase-ios-sdk" */ = {
			isa = XCRemoteSwiftPackageReference;
			repositoryURL = "https://github.com/firebase/firebase-ios-sdk";
			requirement = {
				kind = upToNextMajorVersion;
				minimumVersion = 12.0.0;
			};
		};
/* End XCRemoteSwiftPackageReference section */

/* Begin XCSwiftPackageProductDependency section */
		35ECF01C5EE3E57259D5C48F /* FirebaseStorage */ = {
			isa = XCSwiftPackageProductDependency;
			package = C2463E4F930BC5BDBC34F663 /* XCRemoteSwiftPackageReference "firebase-ios-sdk" */;
			productName = FirebaseStorage;
		};
		B688C912C571A1CC3752D0B8 /* FirebaseFirestore */ = {
			isa = XCSwiftPackageProductDependency;
			package = C2463E4F930BC5BDBC34F663 /* XCRemoteSwiftPackageReference "firebase-ios-sdk" */;
			productName = FirebaseFirestore;
		};
		C10372A5B1FF04CFD7520C67 /* FirebaseAuth */ = {
			isa = XCSwiftPackageProductDependency;
			package = C2463E4F930BC5BDBC34F663 /* XCRemoteSwiftPackageReference "firebase-ios-sdk" */;
			productName = FirebaseAuth;
		};
		FD0E994263AEF5E23FE59538 /* FirebaseFunctions */ = {
			isa = XCSwiftPackageProductDependency;
			package = C2463E4F930BC5BDBC34F663 /* XCRemoteSwiftPackageReference "firebase-ios-sdk" */;
			productName = FirebaseFunctions;
		};
/* End XCSwiftPackageProductDependency section */
	};
	rootObject = 0E18604EA3025EC582371214 /* Project object */;
}
